
Microsoft Visual Studio Solution File, Format Version 12.00
# Visual Studio Version 17
VisualStudioVersion = 17.3.32804.467
MinimumVisualStudioVersion = 10.0.40219.1
Project("{FAE04EC0-301F-11D3-BF4B-00C04F79EFBC}") = "SuperHeroAPI", "SuperHeroAPI\SuperHeroAPI.csproj", "{C6290D8E-7D86-4123-A569-D5D89D61833B}"
EndProject
Global
	GlobalSection(SolutionConfigurationPlatforms) = preSolution
		Debug|Any CPU = Debug|Any CPU
		Release|Any CPU = Release|Any CPU
	EndGlobalSection
	GlobalSection(ProjectConfigurationPlatforms) = postSolution
		{C6290D8E-7D86-4123-A569-D5D89D61833B}.Debug|Any CPU.ActiveCfg = Debug|Any CPU
		{C6290D8E-7D86-4123-A569-D5D89D61833B}.Debug|Any CPU.Build.0 = Debug|Any CPU
		{C6290D8E-7D86-4123-A569-D5D89D61833B}.Release|Any CPU.ActiveCfg = Release|Any CPU
		{C6290D8E-7D86-4123-A569-D5D89D61833B}.Release|Any CPU.Build.0 = Release|Any CPU
	EndGlobalSection
	GlobalSection(SolutionProperties) = preSolution
		HideSolutionNode = FALSE
	EndGlobalSection
	GlobalSection(ExtensibilityGlobals) = postSolution
		SolutionGuid = {E74EF926-0FD3-4F48-9E35-7E0C52C8B637}
	EndGlobalSection
EndGlobal
